
Microsoft Visual Studio Solution File, Format Version 12.00
# Visual Studio 15
VisualStudioVersion = 15.0.28307.168
MinimumVisualStudioVersion = 10.0.40219.1
Project("{8BC9CEB8-8B4A-11D0-8D11-00A0C91BC942}") = "MyList", "MyList\MyList.vcxproj", "{EDF30491-9B50-4648-BDD1-C532039D55EE}"
EndProject
Project("{8BC9CEB8-8B4A-11D0-8D11-00A0C91BC942}") = "MyMap", "MyMap\MyMap.vcxproj", "{A8423D9C-3420-48D4-A702-5CCDEE8298FD}"
EndProject
Project("{8BC9CEB8-8B4A-11D0-8D11-00A0C91BC942}") = "MyQueue", "MyQueue\MyQueue.vcxproj", "{8BD6D198-D5C4-4BC3-8732-4FD6B518E3C4}"
EndProject
Project("{8BC9CEB8-8B4A-11D0-8D11-00A0C91BC942}") = "MyStack", "MyStack\MyStack.vcxproj", "{0B959C6B-CADD-442F-91C4-5DCCE70401B2}"
EndProject
Project("{8BC9CEB8-8B4A-11D0-8D11-00A0C91BC942}") = "MyStrFunc", "MyStrFunc\MyStrFunc.vcxproj", "{A115C768-BC5C-4621-AFA8-D704E35051AC}"
EndProject
Project("{8BC9CEB8-8B4A-11D0-8D11-00A0C91BC942}") = "Recursion", "Recursion\Recursion.vcxproj", "{EB4B560E-B823-42DA-AA83-C29285483CCD}"
EndProject
Project("{8BC9CEB8-8B4A-11D0-8D11-00A0C91BC942}") = "ConvertNumber", "ConvertNumber\ConvertNumber.vcxproj", "{36594417-9CDA-49A2-A8F6-92D739B813DE}"
EndProject
Project("{8BC9CEB8-8B4A-11D0-8D11-00A0C91BC942}") = "MyVector", "MyVector\MyVector.vcxproj", "{27A54F26-4A58-4C87-9789-1774CD8626F8}"
EndProject
Project("{8BC9CEB8-8B4A-11D0-8D11-00A0C91BC942}") = "BineryTree", "BineryTree\BineryTree.vcxproj", "{E0F811BE-856D-4222-ABBA-766034454538}"
EndProject
Project("{8BC9CEB8-8B4A-11D0-8D11-00A0C91BC942}") = "NeopleSuccessTest", "NeopleSuccessTest\NeopleSuccessTest.vcxproj", "{985D6750-46BF-4B75-B4E3-8FFDDA794764}"
EndProject
Project("{8BC9CEB8-8B4A-11D0-8D11-00A0C91BC942}") = "MyHeap", "MyHeap\MyHeap.vcxproj", "{5F7F236C-C35F-4F27-BE77-F14137DCF6E6}"
EndProject
Project("{8BC9CEB8-8B4A-11D0-8D11-00A0C91BC942}") = "SelectSort", "SelectSort\SelectSort.vcxproj", "{02D3262D-FBEA-4479-912D-8AB6CDEF11B2}"
EndProject
Project("{8BC9CEB8-8B4A-11D0-8D11-00A0C91BC942}") = "BubleSort", "BubleSort\BubleSort.vcxproj", "{85243DCA-9E95-4DE1-AEC1-5E879B9B939C}"
EndProject
Project("{8BC9CEB8-8B4A-11D0-8D11-00A0C91BC942}") = "InsertSort", "InsertSort\InsertSort.vcxproj", "{1AE10D8C-D3B1-4154-B673-A2F743BEB1CB}"
EndProject
Project("{8BC9CEB8-8B4A-11D0-8D11-00A0C91BC942}") = "MergeSort", "MergeSort\MergeSort.vcxproj", "{5692B1BF-540D-4C7C-98E1-455410E52044}"
EndProject
Project("{8BC9CEB8-8B4A-11D0-8D11-00A0C91BC942}") = "QuickSort", "QuickSort\QuickSort.vcxproj", "{FB3D145C-A713-469B-8604-54EC3ED4FE4F}"
EndProject
Project("{2150E333-8FDC-42A3-9474-1A3956D46DE8}") = "자료구조", "자료구조", "{5CFFBE70-3436-40EE-A356-004FB7D3F4E7}"
EndProject
Project("{2150E333-8FDC-42A3-9474-1A3956D46DE8}") = "정렬", "정렬", "{03FF3942-B02E-41B3-A7D6-FA155CE92168}"
EndProject
Project("{2150E333-8FDC-42A3-9474-1A3956D46DE8}") = "기타알고리즘", "기타알고리즘", "{E03313C7-ECB3-4310-B4F3-C0872E2637A7}"
EndProject
Project("{2150E333-8FDC-42A3-9474-1A3956D46DE8}") = "C++테스트", "C++테스트", "{82509972-974A-481B-BF80-FDB29D86EE5A}"
EndProject
Project("{8BC9CEB8-8B4A-11D0-8D11-00A0C91BC942}") = "Graph", "Graph\Graph.vcxproj", "{4BB09002-9245-4A1E-A306-C83EDDBED6A3}"
EndProject
Project("{8BC9CEB8-8B4A-11D0-8D11-00A0C91BC942}") = "Divisor", "Divisor\Divisor.vcxproj", "{50967582-03A9-4C78-9370-9E5D151E7BF6}"
EndProject
Project("{8BC9CEB8-8B4A-11D0-8D11-00A0C91BC942}") = "Greedy", "Greedy\Greedy.vcxproj", "{E2C2D06A-4CD9-46C5-AE08-854B49248C16}"
EndProject
Project("{8BC9CEB8-8B4A-11D0-8D11-00A0C91BC942}") = "DynamicProgramming", "DynamicProgramming\DynamicProgramming.vcxproj", "{BE417B41-2439-4961-AF41-786EC231CEE5}"
EndProject
Project("{8BC9CEB8-8B4A-11D0-8D11-00A0C91BC942}") = "Test2", "Test2\Test2.vcxproj", "{B617EDAA-64E3-4E27-B33E-0EBE4203E736}"
EndProject
Project("{8BC9CEB8-8B4A-11D0-8D11-00A0C91BC942}") = "Test3", "Test3\Test3.vcxproj", "{537B403D-81D2-4390-B122-83DFEEED2C24}"
EndProject
Project("{2150E333-8FDC-42A3-9474-1A3956D46DE8}") = "알고리즘문제", "알고리즘문제", "{C6142D17-03C7-4F88-A368-C6EC636C6B0A}"
EndProject
Project("{8BC9CEB8-8B4A-11D0-8D11-00A0C91BC942}") = "Tileing(DP)", "Tileing(DP)\Tileing(DP).vcxproj", "{51CB2390-35DC-4E49-8DE3-60462BA4FA1A}"
EndProject
Project("{8BC9CEB8-8B4A-11D0-8D11-00A0C91BC942}") = "PlusNumber", "PlusNumber\PlusNumber.vcxproj", "{C8FC4561-E85E-45FC-BA41-5D207536861A}"
EndProject
Project("{8BC9CEB8-8B4A-11D0-8D11-00A0C91BC942}") = "369Number", "369Number\369Number.vcxproj", "{3D6367D1-9B87-4DCF-8162-D6591E105952}"
EndProject
Global
	GlobalSection(SolutionConfigurationPlatforms) = preSolution
		Debug|x64 = Debug|x64
		Debug|x86 = Debug|x86
		Release|x64 = Release|x64
		Release|x86 = Release|x86
	EndGlobalSection
	GlobalSection(ProjectConfigurationPlatforms) = postSolution
		{EDF30491-9B50-4648-BDD1-C532039D55EE}.Debug|x64.ActiveCfg = Debug|x64
		{EDF30491-9B50-4648-BDD1-C532039D55EE}.Debug|x64.Build.0 = Debug|x64
		{EDF30491-9B50-4648-BDD1-C532039D55EE}.Debug|x86.ActiveCfg = Debug|Win32
		{EDF30491-9B50-4648-BDD1-C532039D55EE}.Debug|x86.Build.0 = Debug|Win32
		{EDF30491-9B50-4648-BDD1-C532039D55EE}.Release|x64.ActiveCfg = Release|x64
		{EDF30491-9B50-4648-BDD1-C532039D55EE}.Release|x64.Build.0 = Release|x64
		{EDF30491-9B50-4648-BDD1-C532039D55EE}.Release|x86.ActiveCfg = Release|Win32
		{EDF30491-9B50-4648-BDD1-C532039D55EE}.Release|x86.Build.0 = Release|Win32
		{A8423D9C-3420-48D4-A702-5CCDEE8298FD}.Debug|x64.ActiveCfg = Debug|x64
		{A8423D9C-3420-48D4-A702-5CCDEE8298FD}.Debug|x64.Build.0 = Debug|x64
		{A8423D9C-3420-48D4-A702-5CCDEE8298FD}.Debug|x86.ActiveCfg = Debug|Win32
		{A8423D9C-3420-48D4-A702-5CCDEE8298FD}.Debug|x86.Build.0 = Debug|Win32
		{A8423D9C-3420-48D4-A702-5CCDEE8298FD}.Release|x64.ActiveCfg = Release|x64
		{A8423D9C-3420-48D4-A702-5CCDEE8298FD}.Release|x64.Build.0 = Release|x64
		{A8423D9C-3420-48D4-A702-5CCDEE8298FD}.Release|x86.ActiveCfg = Release|Win32
		{A8423D9C-3420-48D4-A702-5CCDEE8298FD}.Release|x86.Build.0 = Release|Win32
		{8BD6D198-D5C4-4BC3-8732-4FD6B518E3C4}.Debug|x64.ActiveCfg = Debug|x64
		{8BD6D198-D5C4-4BC3-8732-4FD6B518E3C4}.Debug|x64.Build.0 = Debug|x64
		{8BD6D198-D5C4-4BC3-8732-4FD6B518E3C4}.Debug|x86.ActiveCfg = Debug|Win32
		{8BD6D198-D5C4-4BC3-8732-4FD6B518E3C4}.Debug|x86.Build.0 = Debug|Win32
		{8BD6D198-D5C4-4BC3-8732-4FD6B518E3C4}.Release|x64.ActiveCfg = Release|x64
		{8BD6D198-D5C4-4BC3-8732-4FD6B518E3C4}.Release|x64.Build.0 = Release|x64
		{8BD6D198-D5C4-4BC3-8732-4FD6B518E3C4}.Release|x86.ActiveCfg = Release|Win32
		{8BD6D198-D5C4-4BC3-8732-4FD6B518E3C4}.Release|x86.Build.0 = Release|Win32
		{0B959C6B-CADD-442F-91C4-5DCCE70401B2}.Debug|x64.ActiveCfg = Debug|x64
		{0B959C6B-CADD-442F-91C4-5DCCE70401B2}.Debug|x64.Build.0 = Debug|x64
		{0B959C6B-CADD-442F-91C4-5DCCE70401B2}.Debug|x86.ActiveCfg = Debug|Win32
		{0B959C6B-CADD-442F-91C4-5DCCE70401B2}.Debug|x86.Build.0 = Debug|Win32
		{0B959C6B-CADD-442F-91C4-5DCCE70401B2}.Release|x64.ActiveCfg = Release|x64
		{0B959C6B-CADD-442F-91C4-5DCCE70401B2}.Release|x64.Build.0 = Release|x64
		{0B959C6B-CADD-442F-91C4-5DCCE70401B2}.Release|x86.ActiveCfg = Release|Win32
		{0B959C6B-CADD-442F-91C4-5DCCE70401B2}.Release|x86.Build.0 = Release|Win32
		{A115C768-BC5C-4621-AFA8-D704E35051AC}.Debug|x64.ActiveCfg = Debug|x64
		{A115C768-BC5C-4621-AFA8-D704E35051AC}.Debug|x64.Build.0 = Debug|x64
		{A115C768-BC5C-4621-AFA8-D704E35051AC}.Debug|x86.ActiveCfg = Debug|Win32
		{A115C768-BC5C-4621-AFA8-D704E35051AC}.Debug|x86.Build.0 = Debug|Win32
		{A115C768-BC5C-4621-AFA8-D704E35051AC}.Release|x64.ActiveCfg = Release|x64
		{A115C768-BC5C-4621-AFA8-D704E35051AC}.Release|x64.Build.0 = Release|x64
		{A115C768-BC5C-4621-AFA8-D704E35051AC}.Release|x86.ActiveCfg = Release|Win32
		{A115C768-BC5C-4621-AFA8-D704E35051AC}.Release|x86.Build.0 = Release|Win32
		{EB4B560E-B823-42DA-AA83-C29285483CCD}.Debug|x64.ActiveCfg = Debug|x64
		{EB4B560E-B823-42DA-AA83-C29285483CCD}.Debug|x64.Build.0 = Debug|x64
		{EB4B560E-B823-42DA-AA83-C29285483CCD}.Debug|x86.ActiveCfg = Debug|Win32
		{EB4B560E-B823-42DA-AA83-C29285483CCD}.Debug|x86.Build.0 = Debug|Win32
		{EB4B560E-B823-42DA-AA83-C29285483CCD}.Release|x64.ActiveCfg = Release|x64
		{EB4B560E-B823-42DA-AA83-C29285483CCD}.Release|x64.Build.0 = Release|x64
		{EB4B560E-B823-42DA-AA83-C29285483CCD}.Release|x86.ActiveCfg = Release|Win32
		{EB4B560E-B823-42DA-AA83-C29285483CCD}.Release|x86.Build.0 = Release|Win32
		{36594417-9CDA-49A2-A8F6-92D739B813DE}.Debug|x64.ActiveCfg = Debug|x64
		{36594417-9CDA-49A2-A8F6-92D739B813DE}.Debug|x64.Build.0 = Debug|x64
		{36594417-9CDA-49A2-A8F6-92D739B813DE}.Debug|x86.ActiveCfg = Debug|Win32
		{36594417-9CDA-49A2-A8F6-92D739B813DE}.Debug|x86.Build.0 = Debug|Win32
		{36594417-9CDA-49A2-A8F6-92D739B813DE}.Release|x64.ActiveCfg = Release|x64
		{36594417-9CDA-49A2-A8F6-92D739B813DE}.Release|x64.Build.0 = Release|x64
		{36594417-9CDA-49A2-A8F6-92D739B813DE}.Release|x86.ActiveCfg = Release|Win32
		{36594417-9CDA-49A2-A8F6-92D739B813DE}.Release|x86.Build.0 = Release|Win32
		{27A54F26-4A58-4C87-9789-1774CD8626F8}.Debug|x64.ActiveCfg = Debug|x64
		{27A54F26-4A58-4C87-9789-1774CD8626F8}.Debug|x64.Build.0 = Debug|x64
		{27A54F26-4A58-4C87-9789-1774CD8626F8}.Debug|x86.ActiveCfg = Debug|Win32
		{27A54F26-4A58-4C87-9789-1774CD8626F8}.Debug|x86.Build.0 = Debug|Win32
		{27A54F26-4A58-4C87-9789-1774CD8626F8}.Release|x64.ActiveCfg = Release|x64
		{27A54F26-4A58-4C87-9789-1774CD8626F8}.Release|x64.Build.0 = Release|x64
		{27A54F26-4A58-4C87-9789-1774CD8626F8}.Release|x86.ActiveCfg = Release|Win32
		{27A54F26-4A58-4C87-9789-1774CD8626F8}.Release|x86.Build.0 = Release|Win32
		{E0F811BE-856D-4222-ABBA-766034454538}.Debug|x64.ActiveCfg = Debug|x64
		{E0F811BE-856D-4222-ABBA-766034454538}.Debug|x64.Build.0 = Debug|x64
		{E0F811BE-856D-4222-ABBA-766034454538}.Debug|x86.ActiveCfg = Debug|Win32
		{E0F811BE-856D-4222-ABBA-766034454538}.Debug|x86.Build.0 = Debug|Win32
		{E0F811BE-856D-4222-ABBA-766034454538}.Release|x64.ActiveCfg = Release|x64
		{E0F811BE-856D-4222-ABBA-766034454538}.Release|x64.Build.0 = Release|x64
		{E0F811BE-856D-4222-ABBA-766034454538}.Release|x86.ActiveCfg = Release|Win32
		{E0F811BE-856D-4222-ABBA-766034454538}.Release|x86.Build.0 = Release|Win32
		{985D6750-46BF-4B75-B4E3-8FFDDA794764}.Debug|x64.ActiveCfg = Debug|x64
		{985D6750-46BF-4B75-B4E3-8FFDDA794764}.Debug|x64.Build.0 = Debug|x64
		{985D6750-46BF-4B75-B4E3-8FFDDA794764}.Debug|x86.ActiveCfg = Debug|Win32
		{985D6750-46BF-4B75-B4E3-8FFDDA794764}.Debug|x86.Build.0 = Debug|Win32
		{985D6750-46BF-4B75-B4E3-8FFDDA794764}.Release|x64.ActiveCfg = Release|x64
		{985D6750-46BF-4B75-B4E3-8FFDDA794764}.Release|x64.Build.0 = Release|x64
		{985D6750-46BF-4B75-B4E3-8FFDDA794764}.Release|x86.ActiveCfg = Release|Win32
		{985D6750-46BF-4B75-B4E3-8FFDDA794764}.Release|x86.Build.0 = Release|Win32
		{5F7F236C-C35F-4F27-BE77-F14137DCF6E6}.Debug|x64.ActiveCfg = Debug|x64
		{5F7F236C-C35F-4F27-BE77-F14137DCF6E6}.Debug|x64.Build.0 = Debug|x64
		{5F7F236C-C35F-4F27-BE77-F14137DCF6E6}.Debug|x86.ActiveCfg = Debug|Win32
		{5F7F236C-C35F-4F27-BE77-F14137DCF6E6}.Debug|x86.Build.0 = Debug|Win32
		{5F7F236C-C35F-4F27-BE77-F14137DCF6E6}.Release|x64.ActiveCfg = Release|x64
		{5F7F236C-C35F-4F27-BE77-F14137DCF6E6}.Release|x64.Build.0 = Release|x64
		{5F7F236C-C35F-4F27-BE77-F14137DCF6E6}.Release|x86.ActiveCfg = Release|Win32
		{5F7F236C-C35F-4F27-BE77-F14137DCF6E6}.Release|x86.Build.0 = Release|Win32
		{02D3262D-FBEA-4479-912D-8AB6CDEF11B2}.Debug|x64.ActiveCfg = Debug|x64
		{02D3262D-FBEA-4479-912D-8AB6CDEF11B2}.Debug|x64.Build.0 = Debug|x64
		{02D3262D-FBEA-4479-912D-8AB6CDEF11B2}.Debug|x86.ActiveCfg = Debug|Win32
		{02D3262D-FBEA-4479-912D-8AB6CDEF11B2}.Debug|x86.Build.0 = Debug|Win32
		{02D3262D-FBEA-4479-912D-8AB6CDEF11B2}.Release|x64.ActiveCfg = Release|x64
		{02D3262D-FBEA-4479-912D-8AB6CDEF11B2}.Release|x64.Build.0 = Release|x64
		{02D3262D-FBEA-4479-912D-8AB6CDEF11B2}.Release|x86.ActiveCfg = Release|Win32
		{02D3262D-FBEA-4479-912D-8AB6CDEF11B2}.Release|x86.Build.0 = Release|Win32
		{85243DCA-9E95-4DE1-AEC1-5E879B9B939C}.Debug|x64.ActiveCfg = Debug|x64
		{85243DCA-9E95-4DE1-AEC1-5E879B9B939C}.Debug|x64.Build.0 = Debug|x64
		{85243DCA-9E95-4DE1-AEC1-5E879B9B939C}.Debug|x86.ActiveCfg = Debug|Win32
		{85243DCA-9E95-4DE1-AEC1-5E879B9B939C}.Debug|x86.Build.0 = Debug|Win32
		{85243DCA-9E95-4DE1-AEC1-5E879B9B939C}.Release|x64.ActiveCfg = Release|x64
		{85243DCA-9E95-4DE1-AEC1-5E879B9B939C}.Release|x64.Build.0 = Release|x64
		{85243DCA-9E95-4DE1-AEC1-5E879B9B939C}.Release|x86.ActiveCfg = Release|Win32
		{85243DCA-9E95-4DE1-AEC1-5E879B9B939C}.Release|x86.Build.0 = Release|Win32
		{1AE10D8C-D3B1-4154-B673-A2F743BEB1CB}.Debug|x64.ActiveCfg = Debug|x64
		{1AE10D8C-D3B1-4154-B673-A2F743BEB1CB}.Debug|x64.Build.0 = Debug|x64
		{1AE10D8C-D3B1-4154-B673-A2F743BEB1CB}.Debug|x86.ActiveCfg = Debug|Win32
		{1AE10D8C-D3B1-4154-B673-A2F743BEB1CB}.Debug|x86.Build.0 = Debug|Win32
		{1AE10D8C-D3B1-4154-B673-A2F743BEB1CB}.Release|x64.ActiveCfg = Release|x64
		{1AE10D8C-D3B1-4154-B673-A2F743BEB1CB}.Release|x64.Build.0 = Release|x64
		{1AE10D8C-D3B1-4154-B673-A2F743BEB1CB}.Release|x86.ActiveCfg = Release|Win32
		{1AE10D8C-D3B1-4154-B673-A2F743BEB1CB}.Release|x86.Build.0 = Release|Win32
		{5692B1BF-540D-4C7C-98E1-455410E52044}.Debug|x64.ActiveCfg = Debug|x64
		{5692B1BF-540D-4C7C-98E1-455410E52044}.Debug|x64.Build.0 = Debug|x64
		{5692B1BF-540D-4C7C-98E1-455410E52044}.Debug|x86.ActiveCfg = Debug|Win32
		{5692B1BF-540D-4C7C-98E1-455410E52044}.Debug|x86.Build.0 = Debug|Win32
		{5692B1BF-540D-4C7C-98E1-455410E52044}.Release|x64.ActiveCfg = Release|x64
		{5692B1BF-540D-4C7C-98E1-455410E52044}.Release|x64.Build.0 = Release|x64
		{5692B1BF-540D-4C7C-98E1-455410E52044}.Release|x86.ActiveCfg = Release|Win32
		{5692B1BF-540D-4C7C-98E1-455410E52044}.Release|x86.Build.0 = Release|Win32
		{FB3D145C-A713-469B-8604-54EC3ED4FE4F}.Debug|x64.ActiveCfg = Debug|x64
		{FB3D145C-A713-469B-8604-54EC3ED4FE4F}.Debug|x64.Build.0 = Debug|x64
		{FB3D145C-A713-469B-8604-54EC3ED4FE4F}.Debug|x86.ActiveCfg = Debug|Win32
		{FB3D145C-A713-469B-8604-54EC3ED4FE4F}.Debug|x86.Build.0 = Debug|Win32
		{FB3D145C-A713-469B-8604-54EC3ED4FE4F}.Release|x64.ActiveCfg = Release|x64
		{FB3D145C-A713-469B-8604-54EC3ED4FE4F}.Release|x64.Build.0 = Release|x64
		{FB3D145C-A713-469B-8604-54EC3ED4FE4F}.Release|x86.ActiveCfg = Release|Win32
		{FB3D145C-A713-469B-8604-54EC3ED4FE4F}.Release|x86.Build.0 = Release|Win32
		{4BB09002-9245-4A1E-A306-C83EDDBED6A3}.Debug|x64.ActiveCfg = Debug|x64
		{4BB09002-9245-4A1E-A306-C83EDDBED6A3}.Debug|x64.Build.0 = Debug|x64
		{4BB09002-9245-4A1E-A306-C83EDDBED6A3}.Debug|x86.ActiveCfg = Debug|Win32
		{4BB09002-9245-4A1E-A306-C83EDDBED6A3}.Debug|x86.Build.0 = Debug|Win32
		{4BB09002-9245-4A1E-A306-C83EDDBED6A3}.Release|x64.ActiveCfg = Release|x64
		{4BB09002-9245-4A1E-A306-C83EDDBED6A3}.Release|x64.Build.0 = Release|x64
		{4BB09002-9245-4A1E-A306-C83EDDBED6A3}.Release|x86.ActiveCfg = Release|Win32
		{4BB09002-9245-4A1E-A306-C83EDDBED6A3}.Release|x86.Build.0 = Release|Win32
		{50967582-03A9-4C78-9370-9E5D151E7BF6}.Debug|x64.ActiveCfg = Debug|x64
		{50967582-03A9-4C78-9370-9E5D151E7BF6}.Debug|x64.Build.0 = Debug|x64
		{50967582-03A9-4C78-9370-9E5D151E7BF6}.Debug|x86.ActiveCfg = Debug|Win32
		{50967582-03A9-4C78-9370-9E5D151E7BF6}.Debug|x86.Build.0 = Debug|Win32
		{50967582-03A9-4C78-9370-9E5D151E7BF6}.Release|x64.ActiveCfg = Release|x64
		{50967582-03A9-4C78-9370-9E5D151E7BF6}.Release|x64.Build.0 = Release|x64
		{50967582-03A9-4C78-9370-9E5D151E7BF6}.Release|x86.ActiveCfg = Release|Win32
		{50967582-03A9-4C78-9370-9E5D151E7BF6}.Release|x86.Build.0 = Release|Win32
		{E2C2D06A-4CD9-46C5-AE08-854B49248C16}.Debug|x64.ActiveCfg = Debug|x64
		{E2C2D06A-4CD9-46C5-AE08-854B49248C16}.Debug|x64.Build.0 = Debug|x64
		{E2C2D06A-4CD9-46C5-AE08-854B49248C16}.Debug|x86.ActiveCfg = Debug|Win32
		{E2C2D06A-4CD9-46C5-AE08-854B49248C16}.Debug|x86.Build.0 = Debug|Win32
		{E2C2D06A-4CD9-46C5-AE08-854B49248C16}.Release|x64.ActiveCfg = Release|x64
		{E2C2D06A-4CD9-46C5-AE08-854B49248C16}.Release|x64.Build.0 = Release|x64
		{E2C2D06A-4CD9-46C5-AE08-854B49248C16}.Release|x86.ActiveCfg = Release|Win32
		{E2C2D06A-4CD9-46C5-AE08-854B49248C16}.Release|x86.Build.0 = Release|Win32
		{BE417B41-2439-4961-AF41-786EC231CEE5}.Debug|x64.ActiveCfg = Debug|x64
		{BE417B41-2439-4961-AF41-786EC231CEE5}.Debug|x64.Build.0 = Debug|x64
		{BE417B41-2439-4961-AF41-786EC231CEE5}.Debug|x86.ActiveCfg = Debug|Win32
		{BE417B41-2439-4961-AF41-786EC231CEE5}.Debug|x86.Build.0 = Debug|Win32
		{BE417B41-2439-4961-AF41-786EC231CEE5}.Release|x64.ActiveCfg = Release|x64
		{BE417B41-2439-4961-AF41-786EC231CEE5}.Release|x64.Build.0 = Release|x64
		{BE417B41-2439-4961-AF41-786EC231CEE5}.Release|x86.ActiveCfg = Release|Win32
		{BE417B41-2439-4961-AF41-786EC231CEE5}.Release|x86.Build.0 = Release|Win32
		{B617EDAA-64E3-4E27-B33E-0EBE4203E736}.Debug|x64.ActiveCfg = Debug|x64
		{B617EDAA-64E3-4E27-B33E-0EBE4203E736}.Debug|x64.Build.0 = Debug|x64
		{B617EDAA-64E3-4E27-B33E-0EBE4203E736}.Debug|x86.ActiveCfg = Debug|Win32
		{B617EDAA-64E3-4E27-B33E-0EBE4203E736}.Debug|x86.Build.0 = Debug|Win32
		{B617EDAA-64E3-4E27-B33E-0EBE4203E736}.Release|x64.ActiveCfg = Release|x64
		{B617EDAA-64E3-4E27-B33E-0EBE4203E736}.Release|x64.Build.0 = Release|x64
		{B617EDAA-64E3-4E27-B33E-0EBE4203E736}.Release|x86.ActiveCfg = Release|Win32
		{B617EDAA-64E3-4E27-B33E-0EBE4203E736}.Release|x86.Build.0 = Release|Win32
		{537B403D-81D2-4390-B122-83DFEEED2C24}.Debug|x64.ActiveCfg = Debug|x64
		{537B403D-81D2-4390-B122-83DFEEED2C24}.Debug|x64.Build.0 = Debug|x64
		{537B403D-81D2-4390-B122-83DFEEED2C24}.Debug|x86.ActiveCfg = Debug|Win32
		{537B403D-81D2-4390-B122-83DFEEED2C24}.Debug|x86.Build.0 = Debug|Win32
		{537B403D-81D2-4390-B122-83DFEEED2C24}.Release|x64.ActiveCfg = Release|x64
		{537B403D-81D2-4390-B122-83DFEEED2C24}.Release|x64.Build.0 = Release|x64
		{537B403D-81D2-4390-B122-83DFEEED2C24}.Release|x86.ActiveCfg = Release|Win32
		{537B403D-81D2-4390-B122-83DFEEED2C24}.Release|x86.Build.0 = Release|Win32
		{51CB2390-35DC-4E49-8DE3-60462BA4FA1A}.Debug|x64.ActiveCfg = Debug|x64
		{51CB2390-35DC-4E49-8DE3-60462BA4FA1A}.Debug|x64.Build.0 = Debug|x64
		{51CB2390-35DC-4E49-8DE3-60462BA4FA1A}.Debug|x86.ActiveCfg = Debug|Win32
		{51CB2390-35DC-4E49-8DE3-60462BA4FA1A}.Debug|x86.Build.0 = Debug|Win32
		{51CB2390-35DC-4E49-8DE3-60462BA4FA1A}.Release|x64.ActiveCfg = Release|x64
		{51CB2390-35DC-4E49-8DE3-60462BA4FA1A}.Release|x64.Build.0 = Release|x64
		{51CB2390-35DC-4E49-8DE3-60462BA4FA1A}.Release|x86.ActiveCfg = Release|Win32
		{51CB2390-35DC-4E49-8DE3-60462BA4FA1A}.Release|x86.Build.0 = Release|Win32
		{C8FC4561-E85E-45FC-BA41-5D207536861A}.Debug|x64.ActiveCfg = Debug|x64
		{C8FC4561-E85E-45FC-BA41-5D207536861A}.Debug|x64.Build.0 = Debug|x64
		{C8FC4561-E85E-45FC-BA41-5D207536861A}.Debug|x86.ActiveCfg = Debug|Win32
		{C8FC4561-E85E-45FC-BA41-5D207536861A}.Debug|x86.Build.0 = Debug|Win32
		{C8FC4561-E85E-45FC-BA41-5D207536861A}.Release|x64.ActiveCfg = Release|x64
		{C8FC4561-E85E-45FC-BA41-5D207536861A}.Release|x64.Build.0 = Release|x64
		{C8FC4561-E85E-45FC-BA41-5D207536861A}.Release|x86.ActiveCfg = Release|Win32
		{C8FC4561-E85E-45FC-BA41-5D207536861A}.Release|x86.Build.0 = Release|Win32
		{3D6367D1-9B87-4DCF-8162-D6591E105952}.Debug|x64.ActiveCfg = Debug|x64
		{3D6367D1-9B87-4DCF-8162-D6591E105952}.Debug|x64.Build.0 = Debug|x64
		{3D6367D1-9B87-4DCF-8162-D6591E105952}.Debug|x86.ActiveCfg = Debug|Win32
		{3D6367D1-9B87-4DCF-8162-D6591E105952}.Debug|x86.Build.0 = Debug|Win32
		{3D6367D1-9B87-4DCF-8162-D6591E105952}.Release|x64.ActiveCfg = Release|x64
		{3D6367D1-9B87-4DCF-8162-D6591E105952}.Release|x64.Build.0 = Release|x64
		{3D6367D1-9B87-4DCF-8162-D6591E105952}.Release|x86.ActiveCfg = Release|Win32
		{3D6367D1-9B87-4DCF-8162-D6591E105952}.Release|x86.Build.0 = Release|Win32
	EndGlobalSection
	GlobalSection(SolutionProperties) = preSolution
		HideSolutionNode = FALSE
	EndGlobalSection
	GlobalSection(NestedProjects) = preSolution
		{EDF30491-9B50-4648-BDD1-C532039D55EE} = {5CFFBE70-3436-40EE-A356-004FB7D3F4E7}
		{A8423D9C-3420-48D4-A702-5CCDEE8298FD} = {5CFFBE70-3436-40EE-A356-004FB7D3F4E7}
		{8BD6D198-D5C4-4BC3-8732-4FD6B518E3C4} = {5CFFBE70-3436-40EE-A356-004FB7D3F4E7}
		{0B959C6B-CADD-442F-91C4-5DCCE70401B2} = {5CFFBE70-3436-40EE-A356-004FB7D3F4E7}
		{A115C768-BC5C-4621-AFA8-D704E35051AC} = {E03313C7-ECB3-4310-B4F3-C0872E2637A7}
		{EB4B560E-B823-42DA-AA83-C29285483CCD} = {E03313C7-ECB3-4310-B4F3-C0872E2637A7}
		{36594417-9CDA-49A2-A8F6-92D739B813DE} = {E03313C7-ECB3-4310-B4F3-C0872E2637A7}
		{27A54F26-4A58-4C87-9789-1774CD8626F8} = {5CFFBE70-3436-40EE-A356-004FB7D3F4E7}
		{E0F811BE-856D-4222-ABBA-766034454538} = {5CFFBE70-3436-40EE-A356-004FB7D3F4E7}
		{985D6750-46BF-4B75-B4E3-8FFDDA794764} = {82509972-974A-481B-BF80-FDB29D86EE5A}
		{5F7F236C-C35F-4F27-BE77-F14137DCF6E6} = {5CFFBE70-3436-40EE-A356-004FB7D3F4E7}
		{02D3262D-FBEA-4479-912D-8AB6CDEF11B2} = {03FF3942-B02E-41B3-A7D6-FA155CE92168}
		{85243DCA-9E95-4DE1-AEC1-5E879B9B939C} = {03FF3942-B02E-41B3-A7D6-FA155CE92168}
		{1AE10D8C-D3B1-4154-B673-A2F743BEB1CB} = {03FF3942-B02E-41B3-A7D6-FA155CE92168}
		{5692B1BF-540D-4C7C-98E1-455410E52044} = {03FF3942-B02E-41B3-A7D6-FA155CE92168}
		{FB3D145C-A713-469B-8604-54EC3ED4FE4F} = {03FF3942-B02E-41B3-A7D6-FA155CE92168}
		{4BB09002-9245-4A1E-A306-C83EDDBED6A3} = {5CFFBE70-3436-40EE-A356-004FB7D3F4E7}
		{50967582-03A9-4C78-9370-9E5D151E7BF6} = {E03313C7-ECB3-4310-B4F3-C0872E2637A7}
		{E2C2D06A-4CD9-46C5-AE08-854B49248C16} = {E03313C7-ECB3-4310-B4F3-C0872E2637A7}
		{BE417B41-2439-4961-AF41-786EC231CEE5} = {E03313C7-ECB3-4310-B4F3-C0872E2637A7}
		{B617EDAA-64E3-4E27-B33E-0EBE4203E736} = {82509972-974A-481B-BF80-FDB29D86EE5A}
		{537B403D-81D2-4390-B122-83DFEEED2C24} = {82509972-974A-481B-BF80-FDB29D86EE5A}
		{51CB2390-35DC-4E49-8DE3-60462BA4FA1A} = {C6142D17-03C7-4F88-A368-C6EC636C6B0A}
		{C8FC4561-E85E-45FC-BA41-5D207536861A} = {C6142D17-03C7-4F88-A368-C6EC636C6B0A}
		{3D6367D1-9B87-4DCF-8162-D6591E105952} = {C6142D17-03C7-4F88-A368-C6EC636C6B0A}
	EndGlobalSection
	GlobalSection(ExtensibilityGlobals) = postSolution
		SolutionGuid = {93B53A0A-FA9F-47A0-ADDB-A71245C8EECB}
	EndGlobalSection
EndGlobal
